// !$*UTF8*$!
{
	archiveVersion = 1;
	classes = {
	};
	objectVersion = 55;
	objects = {

/* Begin PBXBuildFile section */
		EE3B955927AD91FE003B7233 /* PlayerMainView.swift in Sources */ = {isa = PBXBuildFile; fileRef = EE3B955827AD91FE003B7233 /* PlayerMainView.swift */; };
		EE3B955B27AD9230003B7233 /* TrainingView.swift in Sources */ = {isa = PBXBuildFile; fileRef = EE3B955A27AD9230003B7233 /* TrainingView.swift */; };
		EE3B955D27ADECE3003B7233 /* clock.mp3 in Resources */ = {isa = PBXBuildFile; fileRef = EE3B955C27ADECE3003B7233 /* clock.mp3 */; };
		EE4332C027C3F949002AEEB2 /* SoundNamesScheduler.swift in Sources */ = {isa = PBXBuildFile; fileRef = EE4332BF27C3F949002AEEB2 /* SoundNamesScheduler.swift */; };
		EE5D274E27B2D0050010D27A /* Extentions.swift in Sources */ = {isa = PBXBuildFile; fileRef = EE5D274D27B2D0050010D27A /* Extentions.swift */; };
		EE5D275027B2D4E40010D27A /* SoundsListView.swift in Sources */ = {isa = PBXBuildFile; fileRef = EE5D274F27B2D4E40010D27A /* SoundsListView.swift */; };
		EE98F16727AAD59B00BF75B4 /* SoundsStore.swift in Sources */ = {isa = PBXBuildFile; fileRef = EE98F16627AAD59B00BF75B4 /* SoundsStore.swift */; };
		EE9F386E279E8FB400786989 /* Attention_TrainingApp.swift in Sources */ = {isa = PBXBuildFile; fileRef = EE9F386D279E8FB400786989 /* Attention_TrainingApp.swift */; };
		EE9F3872279E8FB500786989 /* Assets.xcassets in Resources */ = {isa = PBXBuildFile; fileRef = EE9F3871279E8FB500786989 /* Assets.xcassets */; };
		EE9F3875279E8FB500786989 /* Preview Assets.xcassets in Resources */ = {isa = PBXBuildFile; fileRef = EE9F3874279E8FB500786989 /* Preview Assets.xcassets */; };
		EE9F387C279E95E700786989 /* MultipleSoundsPlayer.swift in Sources */ = {isa = PBXBuildFile; fileRef = EE9F387B279E95E700786989 /* MultipleSoundsPlayer.swift */; };
		EED0E10427B42088003A6E33 /* EditSoundView.swift in Sources */ = {isa = PBXBuildFile; fileRef = EED0E10327B42088003A6E33 /* EditSoundView.swift */; };
		EEF32DD727A97CF600DE71CB /* short.mp3 in Resources */ = {isa = PBXBuildFile; fileRef = EEF32DD227A97CF600DE71CB /* short.mp3 */; };
		EEF32DD827A97CF600DE71CB /* water.mp3 in Resources */ = {isa = PBXBuildFile; fileRef = EEF32DD327A97CF600DE71CB /* water.mp3 */; };
		EEF32DD927A97CF600DE71CB /* birds.mp3 in Resources */ = {isa = PBXBuildFile; fileRef = EEF32DD427A97CF600DE71CB /* birds.mp3 */; };
		EEF32DDA27A97CF600DE71CB /* heartbeat.mp3 in Resources */ = {isa = PBXBuildFile; fileRef = EEF32DD527A97CF600DE71CB /* heartbeat.mp3 */; };
		EEF32DDB27A97CF600DE71CB /* thunder_and_rain.mp3 in Resources */ = {isa = PBXBuildFile; fileRef = EEF32DD627A97CF600DE71CB /* thunder_and_rain.mp3 */; };
/* End PBXBuildFile section */

/* Begin PBXFileReference section */
		EE3B955827AD91FE003B7233 /* PlayerMainView.swift */ = {isa = PBXFileReference; lastKnownFileType = sourcecode.swift; path = PlayerMainView.swift; sourceTree = "<group>"; };
		EE3B955A27AD9230003B7233 /* TrainingView.swift */ = {isa = PBXFileReference; lastKnownFileType = sourcecode.swift; path = TrainingView.swift; sourceTree = "<group>"; };
		EE3B955C27ADECE3003B7233 /* clock.mp3 */ = {isa = PBXFileReference; lastKnownFileType = audio.mp3; path = clock.mp3; sourceTree = "<group>"; };
		EE4332BF27C3F949002AEEB2 /* SoundNamesScheduler.swift */ = {isa = PBXFileReference; lastKnownFileType = sourcecode.swift; path = SoundNamesScheduler.swift; sourceTree = "<group>"; };
		EE5D274D27B2D0050010D27A /* Extentions.swift */ = {isa = PBXFileReference; lastKnownFileType = sourcecode.swift; path = Extentions.swift; sourceTree = "<group>"; };
		EE5D274F27B2D4E40010D27A /* SoundsListView.swift */ = {isa = PBXFileReference; lastKnownFileType = sourcecode.swift; path = SoundsListView.swift; sourceTree = "<group>"; };
		EE98F16627AAD59B00BF75B4 /* SoundsStore.swift */ = {isa = PBXFileReference; lastKnownFileType = sourcecode.swift; path = SoundsStore.swift; sourceTree = "<group>"; };
		EE9F386A279E8FB400786989 /* Attention Training.app */ = {isa = PBXFileReference; explicitFileType = wrapper.application; includeInIndex = 0; path = "Attention Training.app"; sourceTree = BUILT_PRODUCTS_DIR; };
		EE9F386D279E8FB400786989 /* Attention_TrainingApp.swift */ = {isa = PBXFileReference; lastKnownFileType = sourcecode.swift; path = Attention_TrainingApp.swift; sourceTree = "<group>"; };
		EE9F3871279E8FB500786989 /* Assets.xcassets */ = {isa = PBXFileReference; lastKnownFileType = folder.assetcatalog; path = Assets.xcassets; sourceTree = "<group>"; };
		EE9F3874279E8FB500786989 /* Preview Assets.xcassets */ = {isa = PBXFileReference; lastKnownFileType = folder.assetcatalog; path = "Preview Assets.xcassets"; sourceTree = "<group>"; };
		EE9F387B279E95E700786989 /* MultipleSoundsPlayer.swift */ = {isa = PBXFileReference; lastKnownFileType = sourcecode.swift; path = MultipleSoundsPlayer.swift; sourceTree = "<group>"; };
		EED0E10327B42088003A6E33 /* EditSoundView.swift */ = {isa = PBXFileReference; lastKnownFileType = sourcecode.swift; path = EditSoundView.swift; sourceTree = "<group>"; };
		EEF32DD227A97CF600DE71CB /* short.mp3 */ = {isa = PBXFileReference; lastKnownFileType = audio.mp3; path = short.mp3; sourceTree = "<group>"; };
		EEF32DD327A97CF600DE71CB /* water.mp3 */ = {isa = PBXFileReference; lastKnownFileType = audio.mp3; path = water.mp3; sourceTree = "<group>"; };
		EEF32DD427A97CF600DE71CB /* birds.mp3 */ = {isa = PBXFileReference; lastKnownFileType = audio.mp3; path = birds.mp3; sourceTree = "<group>"; };
		EEF32DD527A97CF600DE71CB /* heartbeat.mp3 */ = {isa = PBXFileReference; lastKnownFileType = audio.mp3; path = heartbeat.mp3; sourceTree = "<group>"; };
		EEF32DD627A97CF600DE71CB /* thunder_and_rain.mp3 */ = {isa = PBXFileReference; lastKnownFileType = audio.mp3; path = thunder_and_rain.mp3; sourceTree = "<group>"; };
/* End PBXFileReference section */

/* Begin PBXFrameworksBuildPhase section */
		EE9F3867279E8FB400786989 /* Frameworks */ = {
			isa = PBXFrameworksBuildPhase;
			buildActionMask = 2147483647;
			files = (
			);
			runOnlyForDeploymentPostprocessing = 0;
		};
/* End PBXFrameworksBuildPhase section */

/* Begin PBXGroup section */
		EE9F3861279E8FB400786989 = {
			isa = PBXGroup;
			children = (
				EE9F386C279E8FB400786989 /* Attention Training */,
				EE9F386B279E8FB400786989 /* Products */,
			);
			sourceTree = "<group>";
		};
		EE9F386B279E8FB400786989 /* Products */ = {
			isa = PBXGroup;
			children = (
				EE9F386A279E8FB400786989 /* Attention Training.app */,
			);
			name = Products;
			sourceTree = "<group>";
		};
		EE9F386C279E8FB400786989 /* Attention Training */ = {
			isa = PBXGroup;
			children = (
				EEF32DD127A97AD400DE71CB /* Audio */,
				EE9F387B279E95E700786989 /* MultipleSoundsPlayer.swift */,
				EE98F16627AAD59B00BF75B4 /* SoundsStore.swift */,
				EE9F386D279E8FB400786989 /* Attention_TrainingApp.swift */,
				EE3B955827AD91FE003B7233 /* PlayerMainView.swift */,
				EE3B955A27AD9230003B7233 /* TrainingView.swift */,
				EE4332BF27C3F949002AEEB2 /* SoundNamesScheduler.swift */,
				EE5D274D27B2D0050010D27A /* Extentions.swift */,
				EE5D274F27B2D4E40010D27A /* SoundsListView.swift */,
				EED0E10327B42088003A6E33 /* EditSoundView.swift */,
				EE9F3871279E8FB500786989 /* Assets.xcassets */,
				EE9F3873279E8FB500786989 /* Preview Content */,
			);
			path = "Attention Training";
			sourceTree = "<group>";
		};
		EE9F3873279E8FB500786989 /* Preview Content */ = {
			isa = PBXGroup;
			children = (
				EE9F3874279E8FB500786989 /* Preview Assets.xcassets */,
			);
			path = "Preview Content";
			sourceTree = "<group>";
		};
		EEF32DD127A97AD400DE71CB /* Audio */ = {
			isa = PBXGroup;
			children = (
				EEF32DD427A97CF600DE71CB /* birds.mp3 */,
				EEF32DD527A97CF600DE71CB /* heartbeat.mp3 */,
				EE3B955C27ADECE3003B7233 /* clock.mp3 */,
				EEF32DD227A97CF600DE71CB /* short.mp3 */,
				EEF32DD627A97CF600DE71CB /* thunder_and_rain.mp3 */,
				EEF32DD327A97CF600DE71CB /* water.mp3 */,
			);
			path = Audio;
			sourceTree = "<group>";
		};
/* End PBXGroup section */

/* Begin PBXNativeTarget section */
		EE9F3869279E8FB400786989 /* Attention Training */ = {
			isa = PBXNativeTarget;
			buildConfigurationList = EE9F3878279E8FB500786989 /* Build configuration list for PBXNativeTarget "Attention Training" */;
			buildPhases = (
				EE9F3866279E8FB400786989 /* Sources */,
				EE9F3867279E8FB400786989 /* Frameworks */,
				EE9F3868279E8FB400786989 /* Resources */,
			);
			buildRules = (
			);
			dependencies = (
			);
			name = "Attention Training";
			packageProductDependencies = (
			);
			productName = "Attention Training";
			productReference = EE9F386A279E8FB400786989 /* Attention Training.app */;
			productType = "com.apple.product-type.application";
		};
/* End PBXNativeTarget section */

/* Begin PBXProject section */
		EE9F3862279E8FB400786989 /* Project object */ = {
			isa = PBXProject;
			attributes = {
				BuildIndependentTargetsInParallel = 1;
				LastSwiftUpdateCheck = 1320;
				LastUpgradeCheck = 1320;
				TargetAttributes = {
					EE9F3869279E8FB400786989 = {
						CreatedOnToolsVersion = 13.2.1;
					};
				};
			};
			buildConfigurationList = EE9F3865279E8FB400786989 /* Build configuration list for PBXProject "Attention Training" */;
			compatibilityVersion = "Xcode 13.0";
			developmentRegion = en;
			hasScannedForEncodings = 0;
			knownRegions = (
				en,
				Base,
			);
			mainGroup = EE9F3861279E8FB400786989;
			packageReferences = (
			);
			productRefGroup = EE9F386B279E8FB400786989 /* Products */;
			projectDirPath = "";
			projectRoot = "";
			targets = (
				EE9F3869279E8FB400786989 /* Attention Training */,
			);
		};
/* End PBXProject section */

/* Begin PBXResourcesBuildPhase section */
		EE9F3868279E8FB400786989 /* Resources */ = {
			isa = PBXResourcesBuildPhase;
			buildActionMask = 2147483647;
			files = (
				EE9F3875279E8FB500786989 /* Preview Assets.xcassets in Resources */,
				EEF32DD727A97CF600DE71CB /* short.mp3 in Resources */,
				EEF32DD827A97CF600DE71CB /* water.mp3 in Resources */,
				EE3B955D27ADECE3003B7233 /* clock.mp3 in Resources */,
				EEF32DD927A97CF600DE71CB /* birds.mp3 in Resources */,
				EE9F3872279E8FB500786989 /* Assets.xcassets in Resources */,
				EEF32DDB27A97CF600DE71CB /* thunder_and_rain.mp3 in Resources */,
				EEF32DDA27A97CF600DE71CB /* heartbeat.mp3 in Resources */,
			);
			runOnlyForDeploymentPostprocessing = 0;
		};
/* End PBXResourcesBuildPhase section */

/* Begin PBXSourcesBuildPhase section */
		EE9F3866279E8FB400786989 /* Sources */ = {
			isa = PBXSourcesBuildPhase;
			buildActionMask = 2147483647;
			files = (
				EE98F16727AAD59B00BF75B4 /* SoundsStore.swift in Sources */,
				EE5D275027B2D4E40010D27A /* SoundsListView.swift in Sources */,
				EE9F387C279E95E700786989 /* MultipleSoundsPlayer.swift in Sources */,
				EE9F386E279E8FB400786989 /* Attention_TrainingApp.swift in Sources */,
				EED0E10427B42088003A6E33 /* EditSoundView.swift in Sources */,
				EE4332C027C3F949002AEEB2 /* SoundNamesScheduler.swift in Sources */,
				EE3B955B27AD9230003B7233 /* TrainingView.swift in Sources */,
				EE3B955927AD91FE003B7233 /* PlayerMainView.swift in Sources */,
				EE5D274E27B2D0050010D27A /* Extentions.swift in Sources */,
			);
			runOnlyForDeploymentPostprocessing = 0;
		};
/* End PBXSourcesBuildPhase section */

/* Begin XCBuildConfiguration section */
		EE9F3876279E8FB500786989 /* Debug */ = {
			isa = XCBuildConfiguration;
			buildSettings = {
				ALWAYS_SEARCH_USER_PATHS = NO;
				CLANG_ANALYZER_NONNULL = YES;
				CLANG_ANALYZER_NUMBER_OBJECT_CONVERSION = YES_AGGRESSIVE;
				CLANG_CXX_LANGUAGE_STANDARD = "gnu++17";
				CLANG_CXX_LIBRARY = "libc++";
				CLANG_ENABLE_MODULES = YES;
				CLANG_ENABLE_OBJC_ARC = YES;
				CLANG_ENABLE_OBJC_WEAK = YES;
				CLANG_WARN_BLOCK_CAPTURE_AUTORELEASING = YES;
				CLANG_WARN_BOOL_CONVERSION = YES;
				CLANG_WARN_COMMA = YES;
				CLANG_WARN_CONSTANT_CONVERSION = YES;
				CLANG_WARN_DEPRECATED_OBJC_IMPLEMENTATIONS = YES;
				CLANG_WARN_DIRECT_OBJC_ISA_USAGE = YES_ERROR;
				CLANG_WARN_DOCUMENTATION_COMMENTS = YES;
				CLANG_WARN_EMPTY_BODY = YES;
				CLANG_WARN_ENUM_CONVERSION = YES;
				CLANG_WARN_INFINITE_RECURSION = YES;
				CLANG_WARN_INT_CONVERSION = YES;
				CLANG_WARN_NON_LITERAL_NULL_CONVERSION = YES;
				CLANG_WARN_OBJC_IMPLICIT_RETAIN_SELF = YES;
				CLANG_WARN_OBJC_LITERAL_CONVERSION = YES;
				CLANG_WARN_OBJC_ROOT_CLASS = YES_ERROR;
				CLANG_WARN_QUOTED_INCLUDE_IN_FRAMEWORK_HEADER = YES;
				CLANG_WARN_RANGE_LOOP_ANALYSIS = YES;
				CLANG_WARN_STRICT_PROTOTYPES = YES;
				CLANG_WARN_SUSPICIOUS_MOVE = YES;
				CLANG_WARN_UNGUARDED_AVAILABILITY = YES_AGGRESSIVE;
				CLANG_WARN_UNREACHABLE_CODE = YES;
				CLANG_WARN__DUPLICATE_METHOD_MATCH = YES;
				COPY_PHASE_STRIP = NO;
				DEBUG_INFORMATION_FORMAT = dwarf;
				ENABLE_STRICT_OBJC_MSGSEND = YES;
				ENABLE_TESTABILITY = YES;
				GCC_C_LANGUAGE_STANDARD = gnu11;
				GCC_DYNAMIC_NO_PIC = NO;
				GCC_NO_COMMON_BLOCKS = YES;
				GCC_OPTIMIZATION_LEVEL = 0;
				GCC_PREPROCESSOR_DEFINITIONS = (
					"DEBUG=1",
					"$(inherited)",
				);
				GCC_WARN_64_TO_32_BIT_CONVERSION = YES;
				GCC_WARN_ABOUT_RETURN_TYPE = YES_ERROR;
				GCC_WARN_UNDECLARED_SELECTOR = YES;
				GCC_WARN_UNINITIALIZED_AUTOS = YES_AGGRESSIVE;
				GCC_WARN_UNUSED_FUNCTION = YES;
				GCC_WARN_UNUSED_VARIABLE = YES;
				IPHONEOS_DEPLOYMENT_TARGET = 15.2;
				MTL_ENABLE_DEBUG_INFO = INCLUDE_SOURCE;
				MTL_FAST_MATH = YES;
				ONLY_ACTIVE_ARCH = YES;
				SDKROOT = iphoneos;
				SWIFT_ACTIVE_COMPILATION_CONDITIONS = DEBUG;
				SWIFT_OPTIMIZATION_LEVEL = "-Onone";
			};
			name = Debug;
		};
		EE9F3877279E8FB500786989 /* Release */ = {
			isa = XCBuildConfiguration;
			buildSettings = {
				ALWAYS_SEARCH_USER_PATHS = NO;
				CLANG_ANALYZER_NONNULL = YES;
				CLANG_ANALYZER_NUMBER_OBJECT_CONVERSION = YES_AGGRESSIVE;
				CLANG_CXX_LANGUAGE_STANDARD = "gnu++17";
				CLANG_CXX_LIBRARY = "libc++";
				CLANG_ENABLE_MODULES = YES;
				CLANG_ENABLE_OBJC_ARC = YES;
				CLANG_ENABLE_OBJC_WEAK = YES;
				CLANG_WARN_BLOCK_CAPTURE_AUTORELEASING = YES;
				CLANG_WARN_BOOL_CONVERSION = YES;
				CLANG_WARN_COMMA = YES;
				CLANG_WARN_CONSTANT_CONVERSION = YES;
				CLANG_WARN_DEPRECATED_OBJC_IMPLEMENTATIONS = YES;
				CLANG_WARN_DIRECT_OBJC_ISA_USAGE = YES_ERROR;
				CLANG_WARN_DOCUMENTATION_COMMENTS = YES;
				CLANG_WARN_EMPTY_BODY = YES;
				CLANG_WARN_ENUM_CONVERSION = YES;
				CLANG_WARN_INFINITE_RECURSION = YES;
				CLANG_WARN_INT_CONVERSION = YES;
				CLANG_WARN_NON_LITERAL_NULL_CONVERSION = YES;
				CLANG_WARN_OBJC_IMPLICIT_RETAIN_SELF = YES;
				CLANG_WARN_OBJC_LITERAL_CONVERSION = YES;
				CLANG_WARN_OBJC_ROOT_CLASS = YES_ERROR;
				CLANG_WARN_QUOTED_INCLUDE_IN_FRAMEWORK_HEADER = YES;
				CLANG_WARN_RANGE_LOOP_ANALYSIS = YES;
				CLANG_WARN_STRICT_PROTOTYPES = YES;
				CLANG_WARN_SUSPICIOUS_MOVE = YES;
				CLANG_WARN_UNGUARDED_AVAILABILITY = YES_AGGRESSIVE;
				CLANG_WARN_UNREACHABLE_CODE = YES;
				CLANG_WARN__DUPLICATE_METHOD_MATCH = YES;
				COPY_PHASE_STRIP = NO;
				DEBUG_INFORMATION_FORMAT = "dwarf-with-dsym";
				ENABLE_NS_ASSERTIONS = NO;
				ENABLE_STRICT_OBJC_MSGSEND = YES;
				GCC_C_LANGUAGE_STANDARD = gnu11;
				GCC_NO_COMMON_BLOCKS = YES;
				GCC_WARN_64_TO_32_BIT_CONVERSION = YES;
				GCC_WARN_ABOUT_RETURN_TYPE = YES_ERROR;
				GCC_WARN_UNDECLARED_SELECTOR = YES;
				GCC_WARN_UNINITIALIZED_AUTOS = YES_AGGRESSIVE;
				GCC_WARN_UNUSED_FUNCTION = YES;
				GCC_WARN_UNUSED_VARIABLE = YES;
				IPHONEOS_DEPLOYMENT_TARGET = 15.2;
				MTL_ENABLE_DEBUG_INFO = NO;
				MTL_FAST_MATH = YES;
				SDKROOT = iphoneos;
				SWIFT_COMPILATION_MODE = wholemodule;
				SWIFT_OPTIMIZATION_LEVEL = "-O";
				VALIDATE_PRODUCT = YES;
			};
			name = Release;
		};
		EE9F3879279E8FB500786989 /* Debug */ = {
			isa = XCBuildConfiguration;
			buildSettings = {
				ASSETCATALOG_COMPILER_APPICON_NAME = AppIcon;
				ASSETCATALOG_COMPILER_GLOBAL_ACCENT_COLOR_NAME = AccentColor;
				CODE_SIGN_STYLE = Automatic;
				CURRENT_PROJECT_VERSION = 1;
				DEVELOPMENT_ASSET_PATHS = "\"Attention Training/Preview Content\"";
				DEVELOPMENT_TEAM = WS5AJ5QMGW;
				ENABLE_PREVIEWS = YES;
				GENERATE_INFOPLIST_FILE = YES;
				INFOPLIST_KEY_UIApplicationSceneManifest_Generation = YES;
				INFOPLIST_KEY_UIApplicationSupportsIndirectInputEvents = YES;
				INFOPLIST_KEY_UILaunchScreen_Generation = YES;
				INFOPLIST_KEY_UISupportedInterfaceOrientations_iPad = "UIInterfaceOrientationPortrait UIInterfaceOrientationPortraitUpsideDown UIInterfaceOrientationLandscapeLeft UIInterfaceOrientationLandscapeRight";
				INFOPLIST_KEY_UISupportedInterfaceOrientations_iPhone = "UIInterfaceOrientationPortrait UIInterfaceOrientationLandscapeLeft UIInterfaceOrientationLandscapeRight";
				LD_RUNPATH_SEARCH_PATHS = (
					"$(inherited)",
					"@executable_path/Frameworks",
				);
				MARKETING_VERSION = 1.0;
				PRODUCT_BUNDLE_IDENTIFIER = "ar.pogromsky.Attention-Training";
				PRODUCT_NAME = "$(TARGET_NAME)";
				SWIFT_EMIT_LOC_STRINGS = YES;
				SWIFT_VERSION = 5.0;
				TARGETED_DEVICE_FAMILY = "1,2";
			};
			name = Debug;
		};
		EE9F387A279E8FB500786989 /* Release */ = {
			isa = XCBuildConfiguration;
			buildSettings = {
				ASSETCATALOG_COMPILER_APPICON_NAME = AppIcon;
				ASSETCATALOG_COMPILER_GLOBAL_ACCENT_COLOR_NAME = AccentColor;
				CODE_SIGN_STYLE = Automatic;
				CURRENT_PROJECT_VERSION = 1;
				DEVELOPMENT_ASSET_PATHS = "\"Attention Training/Preview Content\"";
				DEVELOPMENT_TEAM = WS5AJ5QMGW;
				ENABLE_PREVIEWS = YES;
				GENERATE_INFOPLIST_FILE = YES;
				INFOPLIST_KEY_UIApplicationSceneManifest_Generation = YES;
				INFOPLIST_KEY_UIApplicationSupportsIndirectInputEvents = YES;
				INFOPLIST_KEY_UILaunchScreen_Generation = YES;
				INFOPLIST_KEY_UISupportedInterfaceOrientations_iPad = "UIInterfaceOrientationPortrait UIInterfaceOrientationPortraitUpsideDown UIInterfaceOrientationLandscapeLeft UIInterfaceOrientationLandscapeRight";
				INFOPLIST_KEY_UISupportedInterfaceOrientations_iPhone = "UIInterfaceOrientationPortrait UIInterfaceOrientationLandscapeLeft UIInterfaceOrientationLandscapeRight";
				LD_RUNPATH_SEARCH_PATHS = (
					"$(inherited)",
					"@executable_path/Frameworks",
				);
				MARKETING_VERSION = 1.0;
				PRODUCT_BUNDLE_IDENTIFIER = "ar.pogromsky.Attention-Training";
				PRODUCT_NAME = "$(TARGET_NAME)";
				SWIFT_EMIT_LOC_STRINGS = YES;
				SWIFT_VERSION = 5.0;
				TARGETED_DEVICE_FAMILY = "1,2";
			};
			name = Release;
		};
/* End XCBuildConfiguration section */

/* Begin XCConfigurationList section */
		EE9F3865279E8FB400786989 /* Build configuration list for PBXProject "Attention Training" */ = {
			isa = XCConfigurationList;
			buildConfigurations = (
				EE9F3876279E8FB500786989 /* Debug */,
				EE9F3877279E8FB500786989 /* Release */,
			);
			defaultConfigurationIsVisible = 0;
			defaultConfigurationName = Release;
		};
		EE9F3878279E8FB500786989 /* Build configuration list for PBXNativeTarget "Attention Training" */ = {
			isa = XCConfigurationList;
			buildConfigurations = (
				EE9F3879279E8FB500786989 /* Debug */,
				EE9F387A279E8FB500786989 /* Release */,
			);
			defaultConfigurationIsVisible = 0;
			defaultConfigurationName = Release;
		};
/* End XCConfigurationList section */
	};
	rootObject = EE9F3862279E8FB400786989 /* Project object */;
}
